
Microsoft Visual Studio Solution File, Format Version 12.00
# Visual Studio Version 17
VisualStudioVersion = 17.3.32901.215
MinimumVisualStudioVersion = 10.0.40219.1
Project("{FAE04EC0-301F-11D3-BF4B-00C04F79EFBC}") = "CKM.WinForms", "CKM.WinForms\CKM.WinForms.csproj", "{4DDC0784-DC89-4315-97E1-D9A311C9A8DB}"
EndProject
Project("{FAE04EC0-301F-11D3-BF4B-00C04F79EFBC}") = "CKM.DAL", "CKM.DAL\CKM.DAL.csproj", "{B499567A-6C82-46B7-90FB-4782C9585118}"
EndProject
Project("{FAE04EC0-301F-11D3-BF4B-00C04F79EFBC}") = "CKM.BL", "CKM.BL\CKM.BL.csproj", "{DA6ADD6A-CA4F-4701-9AF1-8205BF75C897}"
EndProject
Global
	GlobalSection(SolutionConfigurationPlatforms) = preSolution
		Debug|Any CPU = Debug|Any CPU
		Release|Any CPU = Release|Any CPU
	EndGlobalSection
	GlobalSection(ProjectConfigurationPlatforms) = postSolution
		{4DDC0784-DC89-4315-97E1-D9A311C9A8DB}.Debug|Any CPU.ActiveCfg = Debug|Any CPU
		{4DDC0784-DC89-4315-97E1-D9A311C9A8DB}.Debug|Any CPU.Build.0 = Debug|Any CPU
		{4DDC0784-DC89-4315-97E1-D9A311C9A8DB}.Release|Any CPU.ActiveCfg = Release|Any CPU
		{4DDC0784-DC89-4315-97E1-D9A311C9A8DB}.Release|Any CPU.Build.0 = Release|Any CPU
		{B499567A-6C82-46B7-90FB-4782C9585118}.Debug|Any CPU.ActiveCfg = Debug|Any CPU
		{B499567A-6C82-46B7-90FB-4782C9585118}.Debug|Any CPU.Build.0 = Debug|Any CPU
		{B499567A-6C82-46B7-90FB-4782C9585118}.Release|Any CPU.ActiveCfg = Release|Any CPU
		{B499567A-6C82-46B7-90FB-4782C9585118}.Release|Any CPU.Build.0 = Release|Any CPU
		{DA6ADD6A-CA4F-4701-9AF1-8205BF75C897}.Debug|Any CPU.ActiveCfg = Debug|Any CPU
		{DA6ADD6A-CA4F-4701-9AF1-8205BF75C897}.Debug|Any CPU.Build.0 = Debug|Any CPU
		{DA6ADD6A-CA4F-4701-9AF1-8205BF75C897}.Release|Any CPU.ActiveCfg = Release|Any CPU
		{DA6ADD6A-CA4F-4701-9AF1-8205BF75C897}.Release|Any CPU.Build.0 = Release|Any CPU
	EndGlobalSection
	GlobalSection(SolutionProperties) = preSolution
		HideSolutionNode = FALSE
	EndGlobalSection
	GlobalSection(ExtensibilityGlobals) = postSolution
		SolutionGuid = {F3DA0F17-75DB-434A-A86F-3F548B39E504}
	EndGlobalSection
EndGlobal
